
Microsoft Visual Studio Solution File, Format Version 12.00
# Visual Studio Version 16
VisualStudioVersion = 16.0.29519.87
MinimumVisualStudioVersion = 10.0.40219.1
Project("{FAE04EC0-301F-11D3-BF4B-00C04F79EFBC}") = "DHShapeMaker", "DHShapeMaker\DHShapeMaker.csproj", "{4F426B1B-0AD4-4F08-B185-F01E22A50D7A}"
EndProject
Global
	GlobalSection(SolutionConfigurationPlatforms) = preSolution
		Debug|Any CPU = Debug|Any CPU
		PDN Plugin Debug|Any CPU = PDN Plugin Debug|Any CPU
		PDN Plugin|Any CPU = PDN Plugin|Any CPU
		Release|Any CPU = Release|Any CPU
	EndGlobalSection
	GlobalSection(ProjectConfigurationPlatforms) = postSolution
		{4F426B1B-0AD4-4F08-B185-F01E22A50D7A}.Debug|Any CPU.ActiveCfg = Debug|Any CPU
		{4F426B1B-0AD4-4F08-B185-F01E22A50D7A}.Debug|Any CPU.Build.0 = Debug|Any CPU
		{4F426B1B-0AD4-4F08-B185-F01E22A50D7A}.PDN Plugin Debug|Any CPU.ActiveCfg = PDN Plugin Debug|Any CPU
		{4F426B1B-0AD4-4F08-B185-F01E22A50D7A}.PDN Plugin Debug|Any CPU.Build.0 = PDN Plugin Debug|Any CPU
		{4F426B1B-0AD4-4F08-B185-F01E22A50D7A}.PDN Plugin|Any CPU.ActiveCfg = PDN Plugin|Any CPU
		{4F426B1B-0AD4-4F08-B185-F01E22A50D7A}.PDN Plugin|Any CPU.Build.0 = PDN Plugin|Any CPU
		{4F426B1B-0AD4-4F08-B185-F01E22A50D7A}.Release|Any CPU.ActiveCfg = Release|Any CPU
		{4F426B1B-0AD4-4F08-B185-F01E22A50D7A}.Release|Any CPU.Build.0 = Release|Any CPU
	EndGlobalSection
	GlobalSection(SolutionProperties) = preSolution
		HideSolutionNode = FALSE
	EndGlobalSection
	GlobalSection(ExtensibilityGlobals) = postSolution
		SolutionGuid = {DBC22092-B6FC-41B5-A62F-1B18548A19EA}
	EndGlobalSection
EndGlobal
